<?xml version="1.0" encoding="UTF-8" standalone="yes" ?>
<CodeBlocks_project_file>
	<FileVersion major="1" minor="6" />
	<Project>
		<Option title="GAME_BIG_PRJ" />
		<Option pch_mode="2" />
		<Option compiler="gcc" />
		<Build>
			<Target title="Debug">
				<Option output="bin/Debug/GAME_BIG_PRJ" prefix_auto="1" extension_auto="1" />
				<Option object_output="obj/Debug/" />
				<Option type="1" />
				<Option compiler="gcc" />
				<Compiler>
					<Add option="-g" />
				</Compiler>
			</Target>
			<Target title="Release">
				<Option output="bin/Release/GAME_BIG_PRJ" prefix_auto="1" extension_auto="1" />
				<Option object_output="obj/Release/" />
				<Option type="1" />
				<Option compiler="gcc" />
				<Compiler>
					<Add option="-O2" />
				</Compiler>
				<Linker>
					<Add option="-s" />
				</Linker>
			</Target>
		</Build>
		<Compiler>
			<Add option="-Wall" />
			<Add directory="../../mingw_dev_lib/include/SDL2" />
		</Compiler>
		<Linker>
			<Add option="-lmingw32 -lSDL2main -lSDL2 -lSDL2_image -lSDL2_ttf -lSDL2_mixer" />
			<Add directory="../../mingw_dev_lib/lib" />
		</Linker>
		<Unit filename="Data/map/MapLevel1.txt" />
		<Unit filename="Data/map/MapLevel2.txt" />
		<Unit filename="Data/map/MapLevel3.txt" />
		<Unit filename="Data/map/update_map_easy.txt" />
		<Unit filename="animation.cpp" />
		<Unit filename="animation.h" />
		<Unit filename="button.cpp" />
		<Unit filename="button.h" />
		<Unit filename="character.cpp" />
		<Unit filename="character.h" />
		<Unit filename="enermy.cpp" />
		<Unit filename="enermy.h" />
		<Unit filename="game_map.cpp" />
		<Unit filename="game_map.h" />
		<Unit filename="header.h" />
		<Unit filename="main.cpp" />
		<Unit filename="object_button.cpp" />
		<Unit filename="object_button.h" />
		<Unit filename="select_menu.cpp" />
		<Unit filename="select_menu.h" />
		<Unit filename="text.cpp" />
		<Unit filename="text.h" />
		<Unit filename="texture.cpp" />
		<Unit filename="texture.h" />
		<Unit filename="timer.cpp" />
		<Unit filename="timer.h" />
		<Extensions>
			<lib_finder disable_auto="1" />
		</Extensions>
	</Project>
</CodeBlocks_project_file>
